Microsoft Visual Studio Solution File, Format Version 11.00
# Visual Studio 2008

Project("{C6F79F1D-17A4-BE0F-B4A7-4F2FCAC12CDE}") = "StereoAR-for-Unity-master", "Assembly-CSharp-vs.csproj", "{93FE0ED1-BD25-1313-0384-8734F4181ADB}"
EndProject
Project("{C6F79F1D-17A4-BE0F-B4A7-4F2FCAC12CDE}") = "StereoAR-for-Unity-master", "Assembly-CSharp-Editor-vs.csproj", "{45E33AF8-4EA6-21D2-744F-1B6FE564BCCA}"
EndProject
Global
	GlobalSection(SolutionConfigurationPlatforms) = preSolution
		Debug|Any CPU = Debug|Any CPU
		Release|Any CPU = Release|Any CPU
	EndGlobalSection
	GlobalSection(ProjectConfigurationPlatforms) = postSolution
		{93FE0ED1-BD25-1313-0384-8734F4181ADB}.Debug|Any CPU.ActiveCfg = Debug|Any CPU
		{93FE0ED1-BD25-1313-0384-8734F4181ADB}.Debug|Any CPU.Build.0 = Debug|Any CPU
		{93FE0ED1-BD25-1313-0384-8734F4181ADB}.Release|Any CPU.ActiveCfg = Release|Any CPU
		{93FE0ED1-BD25-1313-0384-8734F4181ADB}.Release|Any CPU.Build.0 = Release|Any CPU
		{45E33AF8-4EA6-21D2-744F-1B6FE564BCCA}.Debug|Any CPU.ActiveCfg = Debug|Any CPU
		{45E33AF8-4EA6-21D2-744F-1B6FE564BCCA}.Debug|Any CPU.Build.0 = Debug|Any CPU
		{45E33AF8-4EA6-21D2-744F-1B6FE564BCCA}.Release|Any CPU.ActiveCfg = Release|Any CPU
		{45E33AF8-4EA6-21D2-744F-1B6FE564BCCA}.Release|Any CPU.Build.0 = Release|Any CPU
	EndGlobalSection
	GlobalSection(SolutionProperties) = preSolution
		HideSolutionNode = FALSE
	EndGlobalSection
																																			GlobalSection(MonoDevelopProperties) = preSolution
		StartupItem = Assembly-CSharp.csproj
		Policies = $0
		$0.TextStylePolicy = $1
		$1.inheritsSet = null
		$1.scope = text/x-csharp
		$0.CSharpFormattingPolicy = $2
		$2.inheritsSet = Mono
		$2.inheritsScope = text/x-csharp
		$2.scope = text/x-csharp
		$0.TextStylePolicy = $3
		$3.FileWidth = 120
		$3.TabWidth = 4
		$3.EolMarker = Unix
		$3.inheritsSet = Mono
		$3.inheritsScope = text/plain
		$3.scope = text/plain
	EndGlobalSection

EndGlobal
